
Microsoft Visual Studio Solution File, Format Version 12.00
# Visual Studio 15
VisualStudioVersion = 15.0.28307.757
MinimumVisualStudioVersion = 10.0.40219.1
Project("{FAE04EC0-301F-11D3-BF4B-00C04F79EFBC}") = "GES.Inside.Web", "GES.Inside.Web\GES.Inside.Web.csproj", "{BF21D542-EAD0-4EC5-9A06-2AA326FB3C96}"
EndProject
Project("{FAE04EC0-301F-11D3-BF4B-00C04F79EFBC}") = "GES.Inside.Data", "GES.Inside.Data\GES.Inside.Data.csproj", "{E431BD8A-2059-425B-91EA-29100FCAAF93}"
EndProject
Project("{FAE04EC0-301F-11D3-BF4B-00C04F79EFBC}") = "GES.Common", "GES.Common\GES.Common.csproj", "{23B6E6A5-BEB1-45CF-88DB-D4C55C40C7C1}"
EndProject
Project("{FAE04EC0-301F-11D3-BF4B-00C04F79EFBC}") = "GES.Clients.Web", "GES.Clients.Web\GES.Clients.Web.csproj", "{0E4B1626-50F5-428E-82C8-1BA961643BC6}"
EndProject
Project("{FAE04EC0-301F-11D3-BF4B-00C04F79EFBC}") = "Test", "Test\Test.csproj", "{1D3772EF-3A85-4251-BA91-938E77DDD8EB}"
EndProject
Project("{FAE04EC0-301F-11D3-BF4B-00C04F79EFBC}") = "GSS.DataLayer", "GSS.DataLayer\GSS.DataLayer.csproj", "{F914FE30-6C93-4DEE-9DD2-45A8BFBC3E12}"
EndProject
Project("{FAE04EC0-301F-11D3-BF4B-00C04F79EFBC}") = "GSS.Entities", "GSS.Entities\GSS.Entities.csproj", "{A1608639-9BE9-4526-A910-1D4C1D2F9CD9}"
EndProject
Global
	GlobalSection(SolutionConfigurationPlatforms) = preSolution
		Clients.HTTP.PROD.Rackspace|Any CPU = Clients.HTTP.PROD.Rackspace|Any CPU
		Debug|Any CPU = Debug|Any CPU
		DevNewVM|Any CPU = DevNewVM|Any CPU
		Live|Any CPU = Live|Any CPU
		PROD.Rackspace|Any CPU = PROD.Rackspace|Any CPU
		Release|Any CPU = Release|Any CPU
		Stage|Any CPU = Stage|Any CPU
		Test|Any CPU = Test|Any CPU
	EndGlobalSection
	GlobalSection(ProjectConfigurationPlatforms) = postSolution
		{BF21D542-EAD0-4EC5-9A06-2AA326FB3C96}.Clients.HTTP.PROD.Rackspace|Any CPU.ActiveCfg = Clients.HTTP.PROD.Rackspace|Any CPU
		{BF21D542-EAD0-4EC5-9A06-2AA326FB3C96}.Clients.HTTP.PROD.Rackspace|Any CPU.Build.0 = Clients.HTTP.PROD.Rackspace|Any CPU
		{BF21D542-EAD0-4EC5-9A06-2AA326FB3C96}.Debug|Any CPU.ActiveCfg = Debug|Any CPU
		{BF21D542-EAD0-4EC5-9A06-2AA326FB3C96}.Debug|Any CPU.Build.0 = Debug|Any CPU
		{BF21D542-EAD0-4EC5-9A06-2AA326FB3C96}.DevNewVM|Any CPU.ActiveCfg = DevNewVM|Any CPU
		{BF21D542-EAD0-4EC5-9A06-2AA326FB3C96}.DevNewVM|Any CPU.Build.0 = DevNewVM|Any CPU
		{BF21D542-EAD0-4EC5-9A06-2AA326FB3C96}.Live|Any CPU.ActiveCfg = Live|Any CPU
		{BF21D542-EAD0-4EC5-9A06-2AA326FB3C96}.Live|Any CPU.Build.0 = Live|Any CPU
		{BF21D542-EAD0-4EC5-9A06-2AA326FB3C96}.PROD.Rackspace|Any CPU.ActiveCfg = PROD.Rackspace|Any CPU
		{BF21D542-EAD0-4EC5-9A06-2AA326FB3C96}.PROD.Rackspace|Any CPU.Build.0 = PROD.Rackspace|Any CPU
		{BF21D542-EAD0-4EC5-9A06-2AA326FB3C96}.Release|Any CPU.ActiveCfg = Release|Any CPU
		{BF21D542-EAD0-4EC5-9A06-2AA326FB3C96}.Release|Any CPU.Build.0 = Release|Any CPU
		{BF21D542-EAD0-4EC5-9A06-2AA326FB3C96}.Stage|Any CPU.ActiveCfg = Stage|Any CPU
		{BF21D542-EAD0-4EC5-9A06-2AA326FB3C96}.Stage|Any CPU.Build.0 = Stage|Any CPU
		{BF21D542-EAD0-4EC5-9A06-2AA326FB3C96}.Test|Any CPU.ActiveCfg = Test|Any CPU
		{BF21D542-EAD0-4EC5-9A06-2AA326FB3C96}.Test|Any CPU.Build.0 = Test|Any CPU
		{E431BD8A-2059-425B-91EA-29100FCAAF93}.Clients.HTTP.PROD.Rackspace|Any CPU.ActiveCfg = Clients.HTTP.PROD.Rackspace|Any CPU
		{E431BD8A-2059-425B-91EA-29100FCAAF93}.Clients.HTTP.PROD.Rackspace|Any CPU.Build.0 = Clients.HTTP.PROD.Rackspace|Any CPU
		{E431BD8A-2059-425B-91EA-29100FCAAF93}.Debug|Any CPU.ActiveCfg = Debug|Any CPU
		{E431BD8A-2059-425B-91EA-29100FCAAF93}.Debug|Any CPU.Build.0 = Debug|Any CPU
		{E431BD8A-2059-425B-91EA-29100FCAAF93}.DevNewVM|Any CPU.ActiveCfg = DevNewVM|Any CPU
		{E431BD8A-2059-425B-91EA-29100FCAAF93}.DevNewVM|Any CPU.Build.0 = DevNewVM|Any CPU
		{E431BD8A-2059-425B-91EA-29100FCAAF93}.Live|Any CPU.ActiveCfg = Live|Any CPU
		{E431BD8A-2059-425B-91EA-29100FCAAF93}.Live|Any CPU.Build.0 = Live|Any CPU
		{E431BD8A-2059-425B-91EA-29100FCAAF93}.PROD.Rackspace|Any CPU.ActiveCfg = PROD.Rackspace|Any CPU
		{E431BD8A-2059-425B-91EA-29100FCAAF93}.PROD.Rackspace|Any CPU.Build.0 = PROD.Rackspace|Any CPU
		{E431BD8A-2059-425B-91EA-29100FCAAF93}.Release|Any CPU.ActiveCfg = Release|Any CPU
		{E431BD8A-2059-425B-91EA-29100FCAAF93}.Release|Any CPU.Build.0 = Release|Any CPU
		{E431BD8A-2059-425B-91EA-29100FCAAF93}.Stage|Any CPU.ActiveCfg = Stage|Any CPU
		{E431BD8A-2059-425B-91EA-29100FCAAF93}.Stage|Any CPU.Build.0 = Stage|Any CPU
		{E431BD8A-2059-425B-91EA-29100FCAAF93}.Test|Any CPU.ActiveCfg = Test|Any CPU
		{E431BD8A-2059-425B-91EA-29100FCAAF93}.Test|Any CPU.Build.0 = Test|Any CPU
		{23B6E6A5-BEB1-45CF-88DB-D4C55C40C7C1}.Clients.HTTP.PROD.Rackspace|Any CPU.ActiveCfg = Clients.HTTP.PROD.Rackspace|Any CPU
		{23B6E6A5-BEB1-45CF-88DB-D4C55C40C7C1}.Clients.HTTP.PROD.Rackspace|Any CPU.Build.0 = Clients.HTTP.PROD.Rackspace|Any CPU
		{23B6E6A5-BEB1-45CF-88DB-D4C55C40C7C1}.Debug|Any CPU.ActiveCfg = Debug|Any CPU
		{23B6E6A5-BEB1-45CF-88DB-D4C55C40C7C1}.Debug|Any CPU.Build.0 = Debug|Any CPU
		{23B6E6A5-BEB1-45CF-88DB-D4C55C40C7C1}.DevNewVM|Any CPU.ActiveCfg = DevNewVM|Any CPU
		{23B6E6A5-BEB1-45CF-88DB-D4C55C40C7C1}.DevNewVM|Any CPU.Build.0 = DevNewVM|Any CPU
		{23B6E6A5-BEB1-45CF-88DB-D4C55C40C7C1}.Live|Any CPU.ActiveCfg = Live|Any CPU
		{23B6E6A5-BEB1-45CF-88DB-D4C55C40C7C1}.Live|Any CPU.Build.0 = Live|Any CPU
		{23B6E6A5-BEB1-45CF-88DB-D4C55C40C7C1}.PROD.Rackspace|Any CPU.ActiveCfg = PROD.Rackspace|Any CPU
		{23B6E6A5-BEB1-45CF-88DB-D4C55C40C7C1}.PROD.Rackspace|Any CPU.Build.0 = PROD.Rackspace|Any CPU
		{23B6E6A5-BEB1-45CF-88DB-D4C55C40C7C1}.Release|Any CPU.ActiveCfg = Release|Any CPU
		{23B6E6A5-BEB1-45CF-88DB-D4C55C40C7C1}.Release|Any CPU.Build.0 = Release|Any CPU
		{23B6E6A5-BEB1-45CF-88DB-D4C55C40C7C1}.Stage|Any CPU.ActiveCfg = Stage|Any CPU
		{23B6E6A5-BEB1-45CF-88DB-D4C55C40C7C1}.Stage|Any CPU.Build.0 = Stage|Any CPU
		{23B6E6A5-BEB1-45CF-88DB-D4C55C40C7C1}.Test|Any CPU.ActiveCfg = Test|Any CPU
		{23B6E6A5-BEB1-45CF-88DB-D4C55C40C7C1}.Test|Any CPU.Build.0 = Test|Any CPU
		{0E4B1626-50F5-428E-82C8-1BA961643BC6}.Clients.HTTP.PROD.Rackspace|Any CPU.ActiveCfg = Clients.HTTP.PROD.Rackspace|Any CPU
		{0E4B1626-50F5-428E-82C8-1BA961643BC6}.Clients.HTTP.PROD.Rackspace|Any CPU.Build.0 = Clients.HTTP.PROD.Rackspace|Any CPU
		{0E4B1626-50F5-428E-82C8-1BA961643BC6}.Debug|Any CPU.ActiveCfg = Debug|Any CPU
		{0E4B1626-50F5-428E-82C8-1BA961643BC6}.Debug|Any CPU.Build.0 = Debug|Any CPU
		{0E4B1626-50F5-428E-82C8-1BA961643BC6}.DevNewVM|Any CPU.ActiveCfg = DevNewVM|Any CPU
		{0E4B1626-50F5-428E-82C8-1BA961643BC6}.DevNewVM|Any CPU.Build.0 = DevNewVM|Any CPU
		{0E4B1626-50F5-428E-82C8-1BA961643BC6}.Live|Any CPU.ActiveCfg = Live|Any CPU
		{0E4B1626-50F5-428E-82C8-1BA961643BC6}.Live|Any CPU.Build.0 = Live|Any CPU
		{0E4B1626-50F5-428E-82C8-1BA961643BC6}.PROD.Rackspace|Any CPU.ActiveCfg = PROD.Rackspace|Any CPU
		{0E4B1626-50F5-428E-82C8-1BA961643BC6}.PROD.Rackspace|Any CPU.Build.0 = PROD.Rackspace|Any CPU
		{0E4B1626-50F5-428E-82C8-1BA961643BC6}.Release|Any CPU.ActiveCfg = Release|Any CPU
		{0E4B1626-50F5-428E-82C8-1BA961643BC6}.Release|Any CPU.Build.0 = Release|Any CPU
		{0E4B1626-50F5-428E-82C8-1BA961643BC6}.Stage|Any CPU.ActiveCfg = Stage|Any CPU
		{0E4B1626-50F5-428E-82C8-1BA961643BC6}.Stage|Any CPU.Build.0 = Stage|Any CPU
		{0E4B1626-50F5-428E-82C8-1BA961643BC6}.Test|Any CPU.ActiveCfg = Test|Any CPU
		{0E4B1626-50F5-428E-82C8-1BA961643BC6}.Test|Any CPU.Build.0 = Test|Any CPU
		{1D3772EF-3A85-4251-BA91-938E77DDD8EB}.Clients.HTTP.PROD.Rackspace|Any CPU.ActiveCfg = Release|Any CPU
		{1D3772EF-3A85-4251-BA91-938E77DDD8EB}.Clients.HTTP.PROD.Rackspace|Any CPU.Build.0 = Release|Any CPU
		{1D3772EF-3A85-4251-BA91-938E77DDD8EB}.Debug|Any CPU.ActiveCfg = Debug|Any CPU
		{1D3772EF-3A85-4251-BA91-938E77DDD8EB}.Debug|Any CPU.Build.0 = Debug|Any CPU
		{1D3772EF-3A85-4251-BA91-938E77DDD8EB}.DevNewVM|Any CPU.ActiveCfg = Debug|Any CPU
		{1D3772EF-3A85-4251-BA91-938E77DDD8EB}.DevNewVM|Any CPU.Build.0 = Debug|Any CPU
		{1D3772EF-3A85-4251-BA91-938E77DDD8EB}.Live|Any CPU.ActiveCfg = Live|Any CPU
		{1D3772EF-3A85-4251-BA91-938E77DDD8EB}.Live|Any CPU.Build.0 = Live|Any CPU
		{1D3772EF-3A85-4251-BA91-938E77DDD8EB}.PROD.Rackspace|Any CPU.ActiveCfg = Release|Any CPU
		{1D3772EF-3A85-4251-BA91-938E77DDD8EB}.PROD.Rackspace|Any CPU.Build.0 = Release|Any CPU
		{1D3772EF-3A85-4251-BA91-938E77DDD8EB}.Release|Any CPU.ActiveCfg = Release|Any CPU
		{1D3772EF-3A85-4251-BA91-938E77DDD8EB}.Release|Any CPU.Build.0 = Release|Any CPU
		{1D3772EF-3A85-4251-BA91-938E77DDD8EB}.Stage|Any CPU.ActiveCfg = Stage|Any CPU
		{1D3772EF-3A85-4251-BA91-938E77DDD8EB}.Stage|Any CPU.Build.0 = Stage|Any CPU
		{1D3772EF-3A85-4251-BA91-938E77DDD8EB}.Test|Any CPU.ActiveCfg = Test|Any CPU
		{1D3772EF-3A85-4251-BA91-938E77DDD8EB}.Test|Any CPU.Build.0 = Test|Any CPU
		{F914FE30-6C93-4DEE-9DD2-45A8BFBC3E12}.Clients.HTTP.PROD.Rackspace|Any CPU.ActiveCfg = Release|Any CPU
		{F914FE30-6C93-4DEE-9DD2-45A8BFBC3E12}.Clients.HTTP.PROD.Rackspace|Any CPU.Build.0 = Release|Any CPU
		{F914FE30-6C93-4DEE-9DD2-45A8BFBC3E12}.Debug|Any CPU.ActiveCfg = Debug|Any CPU
		{F914FE30-6C93-4DEE-9DD2-45A8BFBC3E12}.Debug|Any CPU.Build.0 = Debug|Any CPU
		{F914FE30-6C93-4DEE-9DD2-45A8BFBC3E12}.DevNewVM|Any CPU.ActiveCfg = Debug|Any CPU
		{F914FE30-6C93-4DEE-9DD2-45A8BFBC3E12}.DevNewVM|Any CPU.Build.0 = Debug|Any CPU
		{F914FE30-6C93-4DEE-9DD2-45A8BFBC3E12}.Live|Any CPU.ActiveCfg = Release|Any CPU
		{F914FE30-6C93-4DEE-9DD2-45A8BFBC3E12}.Live|Any CPU.Build.0 = Release|Any CPU
		{F914FE30-6C93-4DEE-9DD2-45A8BFBC3E12}.PROD.Rackspace|Any CPU.ActiveCfg = Release|Any CPU
		{F914FE30-6C93-4DEE-9DD2-45A8BFBC3E12}.PROD.Rackspace|Any CPU.Build.0 = Release|Any CPU
		{F914FE30-6C93-4DEE-9DD2-45A8BFBC3E12}.Release|Any CPU.ActiveCfg = Release|Any CPU
		{F914FE30-6C93-4DEE-9DD2-45A8BFBC3E12}.Release|Any CPU.Build.0 = Release|Any CPU
		{F914FE30-6C93-4DEE-9DD2-45A8BFBC3E12}.Stage|Any CPU.ActiveCfg = Release|Any CPU
		{F914FE30-6C93-4DEE-9DD2-45A8BFBC3E12}.Stage|Any CPU.Build.0 = Release|Any CPU
		{F914FE30-6C93-4DEE-9DD2-45A8BFBC3E12}.Test|Any CPU.ActiveCfg = Release|Any CPU
		{F914FE30-6C93-4DEE-9DD2-45A8BFBC3E12}.Test|Any CPU.Build.0 = Release|Any CPU
		{A1608639-9BE9-4526-A910-1D4C1D2F9CD9}.Clients.HTTP.PROD.Rackspace|Any CPU.ActiveCfg = Release|Any CPU
		{A1608639-9BE9-4526-A910-1D4C1D2F9CD9}.Clients.HTTP.PROD.Rackspace|Any CPU.Build.0 = Release|Any CPU
		{A1608639-9BE9-4526-A910-1D4C1D2F9CD9}.Debug|Any CPU.ActiveCfg = Debug|Any CPU
		{A1608639-9BE9-4526-A910-1D4C1D2F9CD9}.Debug|Any CPU.Build.0 = Debug|Any CPU
		{A1608639-9BE9-4526-A910-1D4C1D2F9CD9}.DevNewVM|Any CPU.ActiveCfg = Debug|Any CPU
		{A1608639-9BE9-4526-A910-1D4C1D2F9CD9}.DevNewVM|Any CPU.Build.0 = Debug|Any CPU
		{A1608639-9BE9-4526-A910-1D4C1D2F9CD9}.Live|Any CPU.ActiveCfg = Release|Any CPU
		{A1608639-9BE9-4526-A910-1D4C1D2F9CD9}.Live|Any CPU.Build.0 = Release|Any CPU
		{A1608639-9BE9-4526-A910-1D4C1D2F9CD9}.PROD.Rackspace|Any CPU.ActiveCfg = Release|Any CPU
		{A1608639-9BE9-4526-A910-1D4C1D2F9CD9}.PROD.Rackspace|Any CPU.Build.0 = Release|Any CPU
		{A1608639-9BE9-4526-A910-1D4C1D2F9CD9}.Release|Any CPU.ActiveCfg = Release|Any CPU
		{A1608639-9BE9-4526-A910-1D4C1D2F9CD9}.Release|Any CPU.Build.0 = Release|Any CPU
		{A1608639-9BE9-4526-A910-1D4C1D2F9CD9}.Stage|Any CPU.ActiveCfg = Release|Any CPU
		{A1608639-9BE9-4526-A910-1D4C1D2F9CD9}.Stage|Any CPU.Build.0 = Release|Any CPU
		{A1608639-9BE9-4526-A910-1D4C1D2F9CD9}.Test|Any CPU.ActiveCfg = Release|Any CPU
		{A1608639-9BE9-4526-A910-1D4C1D2F9CD9}.Test|Any CPU.Build.0 = Release|Any CPU
	EndGlobalSection
	GlobalSection(SolutionProperties) = preSolution
		HideSolutionNode = FALSE
	EndGlobalSection
	GlobalSection(ExtensibilityGlobals) = postSolution
		SolutionGuid = {83636EF4-7A64-4B1D-9F80-898B8F2052D5}
	EndGlobalSection
EndGlobal
